{
  "name": "pkbetterdiscordplugin",
  "version": "1.0.0",
  "lockfileVersion": 2,
  "requires": true,
  "packages": {
    "": {
      "name": "pkbetterdiscordplugin",
      "version": "1.0.0",
      "license": "ISC",
      "dependencies": {
        "pluginlibrary": "github:rauenzi/BDPluginLibrary"
      }
    },
    "node_modules/pluginlibrary": {
      "version": "2.0.2",
      "resolved": "git+ssh://git@github.com/rauenzi/BDPluginLibrary.git#379e15a7505851f8568199b2062417f5b19ff85b",
      "license": "MIT"
    }
  },
  "dependencies": {
    "pluginlibrary": {
      "version": "git+ssh://git@github.com/rauenzi/BDPluginLibrary.git#379e15a7505851f8568199b2062417f5b19ff85b",
      "from": "pluginlibrary@https://github.com/rauenzi/BDPluginLibrary"
    }
  }
}
